
Microsoft Visual Studio Solution File, Format Version 12.00
# Visual Studio 2013
VisualStudioVersion = 12.0.30723.0
MinimumVisualStudioVersion = 10.0.40219.1
Project("{FAE04EC0-301F-11D3-BF4B-00C04F79EFBC}") = "Exam", "Exam\Exam.csproj", "{BC7058D4-A1B7-4444-B976-9958C1B7571B}"
EndProject
Global
	GlobalSection(SolutionConfigurationPlatforms) = preSolution
		Debug|Any CPU = Debug|Any CPU
		Release|Any CPU = Release|Any CPU
	EndGlobalSection
	GlobalSection(ProjectConfigurationPlatforms) = postSolution
		{BC7058D4-A1B7-4444-B976-9958C1B7571B}.Debug|Any CPU.ActiveCfg = Debug|Any CPU
		{BC7058D4-A1B7-4444-B976-9958C1B7571B}.Debug|Any CPU.Build.0 = Debug|Any CPU
		{BC7058D4-A1B7-4444-B976-9958C1B7571B}.Release|Any CPU.ActiveCfg = Release|Any CPU
		{BC7058D4-A1B7-4444-B976-9958C1B7571B}.Release|Any CPU.Build.0 = Release|Any CPU
	EndGlobalSection
	GlobalSection(SolutionProperties) = preSolution
		HideSolutionNode = FALSE
	EndGlobalSection
EndGlobal
